lockfileVersion: '6.0'

settings:
  autoInstallPeers: true
  excludeLinksFromLockfile: false

dependencies:
  '@inkjs/ui':
    specifier: ^1.0.0
    version: 1.0.0(ink@4.3.1)
  execa:
    specifier: ^7.2.0
    version: 7.2.0
  fast-fuzzy:
    specifier: ^1.12.0
    version: 1.12.0
  find-up:
    specifier: ^6.3.0
    version: 6.3.0
  graceful-fs:
    specifier: ^4.2.11
    version: 4.2.11
  ink:
    specifier: ^4.3.1
    version: 4.3.1(@types/react@18.2.20)(react@18.2.0)
  meow:
    specifier: ^12.0.1
    version: 12.0.1
  react:
    specifier: ^18.2.0
    version: 18.2.0

devDependencies:
  '@tsconfig/strictest':
    specifier: ^2.0.1
    version: 2.0.1
  '@types/graceful-fs':
    specifier: ^4.1.6
    version: 4.1.6
  '@types/react':
    specifier: ^18.2.20
    version: 18.2.20
  chalk:
    specifier: ^5.3.0
    version: 5.3.0
  ink-testing-library:
    specifier: ^3.0.0
    version: 3.0.0(@types/react@18.2.20)
  prettier:
    specifier: ^3.0.1
    version: 3.0.1
  rimraf:
    specifier: ^5.0.1
    version: 5.0.1
  ts-node:
    specifier: ^10.9.1
    version: 10.9.1(@types/node@20.4.9)(typescript@5.1.6)
  typescript:
    specifier: ^5.1.6
    version: 5.1.6

packages:
  /@alcalzone/ansi-tokenize@0.1.2:
    resolution:
      {
        integrity: sha512-/9Wcb0XV6jhvbn0UsL0CPBYKRWjSN0Er2vrrhFDNy0IMIvZ7pWBLwOZbFKTlyYCr1Q+UBXb1hWM4czT2FOfT+A==
      }
    engines: { node: '>=14.13.1' }
    dependencies:
      ansi-styles: 6.2.1
      is-fullwidth-code-point: 4.0.0
    dev: false

  /@babel/code-frame@7.22.10:
    resolution:
      {
        integrity: sha512-/KKIMG4UEL35WmI9OlvMhurwtytjvXoFcGNrOvyG9zIzA8YmPjVtIZUf7b05+TPO7G7/GEmLHDaoCgACHl9hhA==
      }
    engines: { node: '>=6.9.0' }
    dependencies:
      '@babel/highlight': 7.22.10
      chalk: 2.4.2
    dev: false

  /@babel/helper-validator-identifier@7.22.5:
    resolution:
      {
        integrity: sha512-aJXu+6lErq8ltp+JhkJUfk1MTGyuA4v7f3pA+BJ5HLfNC6nAQ0Cpi9uOquUj8Hehg0aUiHzWQbOVJGao6ztBAQ==
      }
    engines: { node: '>=6.9.0' }
    dev: false

  /@babel/highlight@7.22.10:
    resolution:
      {
        integrity: sha512-78aUtVcT7MUscr0K5mIEnkwxPE0MaxkR5RxRwuHaQ+JuU5AmTPhY+do2mdzVTnIJJpyBglql2pehuBIWHug+WQ==
      }
    engines: { node: '>=6.9.0' }
    dependencies:
      '@babel/helper-validator-identifier': 7.22.5
      chalk: 2.4.2
      js-tokens: 4.0.0
    dev: false

  /@cspotcode/source-map-support@0.8.1:
    resolution:
      {
        integrity: sha512-IchNf6dN4tHoMFIn/7OE8LWZ19Y6q/67Bmf6vnGREv8RSbBVb9LPJxEcnwrcwX6ixSvaiGoomAUvu4YSxXrVgw==
      }
    engines: { node: '>=12' }
    dependencies:
      '@jridgewell/trace-mapping': 0.3.9
    dev: true

  /@inkjs/ui@1.0.0(ink@4.3.1):
    resolution:
      {
        integrity: sha512-JAVX5ntXG3QokXsGelobIc1ORkTQiJU4XiemUoMUzVaZkBpwzOD7NkMm0qzKvysDyrE1nD6keFHRhwsRvhVamw==
      }
    engines: { node: '>=14.16' }
    peerDependencies:
      ink: ^4.2.0
    dependencies:
      chalk: 5.3.0
      cli-spinners: 2.9.0
      deepmerge: 4.3.1
      figures: 5.0.0
      ink: 4.3.1(@types/react@18.2.20)(react@18.2.0)
    dev: false

  /@isaacs/cliui@8.0.2:
    resolution:
      {
        integrity: sha512-O8jcjabXaleOG9DQ0+ARXWZBTfnP4WNAqzuiJK7ll44AmxGKv/J2M4TPjxjY3znBCfvBXFzucm1twdyFybFqEA==
      }
    engines: { node: '>=12' }
    dependencies:
      string-width: 5.1.2
      string-width-cjs: /string-width@4.2.3
      strip-ansi: 7.1.0
      strip-ansi-cjs: /strip-ansi@6.0.1
      wrap-ansi: 8.1.0
      wrap-ansi-cjs: /wrap-ansi@7.0.0
    dev: true

  /@jridgewell/resolve-uri@3.1.1:
    resolution:
      {
        integrity: sha512-dSYZh7HhCDtCKm4QakX0xFpsRDqjjtZf/kjI/v3T3Nwt5r8/qz/M19F9ySyOqU94SXBmeG9ttTul+YnR4LOxFA==
      }
    engines: { node: '>=6.0.0' }
    dev: true

  /@jridgewell/sourcemap-codec@1.4.15:
    resolution:
      {
        integrity: sha512-eF2rxCRulEKXHTRiDrDy6erMYWqNw4LPdQ8UQA4huuxaQsVeRPFl2oM8oDGxMFhJUWZf9McpLtJasDDZb/Bpeg==
      }
    dev: true

  /@jridgewell/trace-mapping@0.3.9:
    resolution:
      {
        integrity: sha512-3Belt6tdc8bPgAtbcmdtNJlirVoTmEb5e2gC94PnkwEW9jI6CAHUeoG85tjWP5WquqfavoMtMwiG4P926ZKKuQ==
      }
    dependencies:
      '@jridgewell/resolve-uri': 3.1.1
      '@jridgewell/sourcemap-codec': 1.4.15
    dev: true

  /@pkgjs/parseargs@0.11.0:
    resolution:
      {
        integrity: sha512-+1VkjdD0QBLPodGrJUeqarH8VAIvQODIbwh9XpP5Syisf7YoQgsJKPNFoqqLQlu+VQ/tVSshMR6loPMn8U+dPg==
      }
    engines: { node: '>=14' }
    requiresBuild: true
    dev: true
    optional: true

  /@tsconfig/node10@1.0.9:
    resolution:
      {
        integrity: sha512-jNsYVVxU8v5g43Erja32laIDHXeoNvFEpX33OK4d6hljo3jDhCBDhx5dhCCTMWUojscpAagGiRkBKxpdl9fxqA==
      }
    dev: true

  /@tsconfig/node12@1.0.11:
    resolution:
      {
        integrity: sha512-cqefuRsh12pWyGsIoBKJA9luFu3mRxCA+ORZvA4ktLSzIuCUtWVxGIuXigEwO5/ywWFMZ2QEGKWvkZG1zDMTag==
      }
    dev: true

  /@tsconfig/node14@1.0.3:
    resolution:
      {
        integrity: sha512-ysT8mhdixWK6Hw3i1V2AeRqZ5WfXg1G43mqoYlM2nc6388Fq5jcXyr5mRsqViLx/GJYdoL0bfXD8nmF+Zn/Iow==
      }
    dev: true

  /@tsconfig/node16@1.0.4:
    resolution:
      {
        integrity: sha512-vxhUy4J8lyeyinH7Azl1pdd43GJhZH/tP2weN8TntQblOY+A0XbT8DJk1/oCPuOOyg/Ja757rG0CgHcWC8OfMA==
      }
    dev: true

  /@tsconfig/strictest@2.0.1:
    resolution:
      {
        integrity: sha512-7JHHCbyCsGUxLd0pDbp24yz3zjxw2t673W5oAP6HCEdr/UUhaRhYd3SSnUsGCk+VnPVJVA4mXROzbhI+nyIk+w==
      }
    dev: true

  /@types/graceful-fs@4.1.6:
    resolution:
      {
        integrity: sha512-Sig0SNORX9fdW+bQuTEovKj3uHcUL6LQKbCrrqb1X7J6/ReAbhCXRAhc+SMejhLELFj2QcyuxmUooZ4bt5ReSw==
      }
    dependencies:
      '@types/node': 20.4.9
    dev: true

  /@types/minimist@1.2.2:
    resolution:
      {
        integrity: sha512-jhuKLIRrhvCPLqwPcx6INqmKeiA5EWrsCOPhrlFSrbrmU4ZMPjj5Ul/oLCMDO98XRUIwVm78xICz4EPCektzeQ==
      }
    dev: false

  /@types/node@20.4.9:
    resolution:
      {
        integrity: sha512-8e2HYcg7ohnTUbHk8focoklEQYvemQmu9M/f43DZVx43kHn0tE3BY/6gSDxS7k0SprtS0NHvj+L80cGLnoOUcQ==
      }
    dev: true

  /@types/normalize-package-data@2.4.1:
    resolution:
      {
        integrity: sha512-Gj7cI7z+98M282Tqmp2K5EIsoouUEzbBJhQQzDE3jSIRk6r9gsz0oUokqIUR4u1R3dMHo0pDHM7sNOHyhulypw==
      }
    dev: false

  /@types/prop-types@15.7.5:
    resolution:
      {
        integrity: sha512-JCB8C6SnDoQf0cNycqd/35A7MjcnK+ZTqE7judS6o7utxUCg6imJg3QK2qzHKszlTjcj2cn+NwMB2i96ubpj7w==
      }

  /@types/react@18.2.20:
    resolution:
      {
        integrity: sha512-WKNtmsLWJM/3D5mG4U84cysVY31ivmyw85dE84fOCk5Hx78wezB/XEjVPWl2JTZ5FkEeaTJf+VgUAUn3PE7Isw==
      }
    dependencies:
      '@types/prop-types': 15.7.5
      '@types/scheduler': 0.16.3
      csstype: 3.1.2

  /@types/scheduler@0.16.3:
    resolution:
      {
        integrity: sha512-5cJ8CB4yAx7BH1oMvdU0Jh9lrEXyPkar6F9G/ERswkCuvP4KQZfZkSjcMbAICCpQTN4OuZn8tz0HiKv9TGZgrQ==
      }

  /acorn-walk@8.2.0:
    resolution:
      {
        integrity: sha512-k+iyHEuPgSw6SbuDpGQM+06HQUa04DZ3o+F6CSzXMvvI5KMvnaEqXe+YVe555R9nn6GPt404fos4wcgpw12SDA==
      }
    engines: { node: '>=0.4.0' }
    dev: true

  /acorn@8.10.0:
    resolution:
      {
        integrity: sha512-F0SAmZ8iUtS//m8DmCTA0jlh6TDKkHQyK6xc6V4KDTyZKA9dnvX9/3sRTVQrWm79glUAZbnmmNcdYwUIHWVybw==
      }
    engines: { node: '>=0.4.0' }
    hasBin: true
    dev: true

  /ansi-escapes@6.2.0:
    resolution:
      {
        integrity: sha512-kzRaCqXnpzWs+3z5ABPQiVke+iq0KXkHo8xiWV4RPTi5Yli0l97BEQuhXV1s7+aSU/fu1kUuxgS4MsQ0fRuygw==
      }
    engines: { node: '>=14.16' }
    dependencies:
      type-fest: 3.13.1
    dev: false

  /ansi-regex@5.0.1:
    resolution:
      {
        integrity: sha512-quJQXlTSUGL2LH9SUXo8VwsY4soanhgo6LNSm84E1LBcE8s3O0wpdiRzyR9z/ZZJMlMWv37qOOb9pdJlMUEKFQ==
      }
    engines: { node: '>=8' }
    dev: true

  /ansi-regex@6.0.1:
    resolution:
      {
        integrity: sha512-n5M855fKb2SsfMIiFFoVrABHJC8QtHwVx+mHWP3QcEqBHYienj5dHSgjbxtC0WEZXYt4wcD6zrQElDPhFuZgfA==
      }
    engines: { node: '>=12' }

  /ansi-styles@3.2.1:
    resolution:
      {
        integrity: sha512-VT0ZI6kZRdTh8YyJw3SMbYm/u+NqfsAxEpWO0Pf9sq8/e94WxxOpPKx9FR1FlyCtOVDNOQ+8ntlqFxiRc+r5qA==
      }
    engines: { node: '>=4' }
    dependencies:
      color-convert: 1.9.3
    dev: false

  /ansi-styles@4.3.0:
    resolution:
      {
        integrity: sha512-zbB9rCJAT1rbjiVDb2hqKFHNYLxgtk8NURxZ3IZwD3F6NtxbXZQCnnSi1Lkx+IDohdPlFp222wVALIheZJQSEg==
      }
    engines: { node: '>=8' }
    dependencies:
      color-convert: 2.0.1
    dev: true

  /ansi-styles@6.2.1:
    resolution:
      {
        integrity: sha512-bN798gFfQX+viw3R7yrGWRqnrN2oRkEkUjjl4JNn4E8GxxbjtG3FbrEIIY3l8/hrwUwIeCZvi4QuOTP4MErVug==
      }
    engines: { node: '>=12' }

  /arg@4.1.3:
    resolution:
      {
        integrity: sha512-58S9QDqG0Xx27YwPSt9fJxivjYl432YCwfDMfZ+71RAqUrZef7LrKQZ3LHLOwCS4FLNBplP533Zx895SeOCHvA==
      }
    dev: true

  /arrify@1.0.1:
    resolution:
      {
        integrity: sha512-3CYzex9M9FGQjCGMGyi6/31c8GJbgb0qGyrx5HWxPd0aCwh4cB2YjMb2Xf9UuoogrMrlO9cTqnB5rI5GHZTcUA==
      }
    engines: { node: '>=0.10.0' }
    dev: false

  /auto-bind@5.0.1:
    resolution:
      {
        integrity: sha512-ooviqdwwgfIfNmDwo94wlshcdzfO64XV0Cg6oDsDYBJfITDz1EngD2z7DkbvCWn+XIMsIqW27sEVF6qcpJrRcg==
      }
    engines: { node: ^12.20.0 || ^14.13.1 || >=16.0.0 }
    dev: false

  /balanced-match@1.0.2:
    resolution:
      {
        integrity: sha512-3oSeUO0TMV67hN1AmbXsK4yaqU7tjiHlbxRDZOpH0KW9+CeX4bRAaX0Anxt0tx2MrpRpWwQaPwIlISEJhYU5Pw==
      }
    dev: true

  /brace-expansion@2.0.1:
    resolution:
      {
        integrity: sha512-XnAIvQ8eM+kC6aULx6wuQiwVsnzsi9d3WxzV3FpWTGA19F621kwdbsAcFKXgKUHZWsy+mY6iL1sHTxWEFCytDA==
      }
    dependencies:
      balanced-match: 1.0.2
    dev: true

  /camelcase-keys@8.0.2:
    resolution:
      {
        integrity: sha512-qMKdlOfsjlezMqxkUGGMaWWs17i2HoL15tM+wtx8ld4nLrUwU58TFdvyGOz/piNP842KeO8yXvggVQSdQ828NA==
      }
    engines: { node: '>=14.16' }
    dependencies:
      camelcase: 7.0.1
      map-obj: 4.3.0
      quick-lru: 6.1.1
      type-fest: 2.19.0
    dev: false

  /camelcase@7.0.1:
    resolution:
      {
        integrity: sha512-xlx1yCK2Oc1APsPXDL2LdlNP6+uu8OCDdhOBSVT279M/S+y75O30C2VuD8T2ogdePBBl7PfPF4504tnLgX3zfw==
      }
    engines: { node: '>=14.16' }
    dev: false

  /chalk@2.4.2:
    resolution:
      {
        integrity: sha512-Mti+f9lpJNcwF4tWV8/OrTTtF1gZi+f8FqlyAdouralcFWFQWF2+NgCHShjkCb+IFBLq9buZwE1xckQU4peSuQ==
      }
    engines: { node: '>=4' }
    dependencies:
      ansi-styles: 3.2.1
      escape-string-regexp: 1.0.5
      supports-color: 5.5.0
    dev: false

  /chalk@5.3.0:
    resolution:
      {
        integrity: sha512-dLitG79d+GV1Nb/VYcCDFivJeK1hiukt9QjRNVOsUtTy1rR1YJsmpGGTZ3qJos+uw7WmWF4wUwBd9jxjocFC2w==
      }
    engines: { node: ^12.17.0 || ^14.13 || >=16.0.0 }

  /ci-info@3.8.0:
    resolution:
      {
        integrity: sha512-eXTggHWSooYhq49F2opQhuHWgzucfF2YgODK4e1566GQs5BIfP30B0oenwBJHfWxAs2fyPB1s7Mg949zLf61Yw==
      }
    engines: { node: '>=8' }
    dev: false

  /cli-boxes@3.0.0:
    resolution:
      {
        integrity: sha512-/lzGpEWL/8PfI0BmBOPRwp0c/wFNX1RdUML3jK/RcSBA9T8mZDdQpqYBKtCFTOfQbwPqWEOpjqW+Fnayc0969g==
      }
    engines: { node: '>=10' }
    dev: false

  /cli-cursor@4.0.0:
    resolution:
      {
        integrity: sha512-VGtlMu3x/4DOtIUwEkRezxUZ2lBacNJCHash0N0WeZDBS+7Ux1dm3XWAgWYxLJFMMdOeXMHXorshEFhbMSGelg==
      }
    engines: { node: ^12.20.0 || ^14.13.1 || >=16.0.0 }
    dependencies:
      restore-cursor: 4.0.0
    dev: false

  /cli-spinners@2.9.0:
    resolution:
      {
        integrity: sha512-4/aL9X3Wh0yiMQlE+eeRhWP6vclO3QRtw1JHKIT0FFUs5FjpFmESqtMvYZ0+lbzBw900b95mS0hohy+qn2VK/g==
      }
    engines: { node: '>=6' }
    dev: false

  /cli-truncate@3.1.0:
    resolution:
      {
        integrity: sha512-wfOBkjXteqSnI59oPcJkcPl/ZmwvMMOj340qUIY1SKZCv0B9Cf4D4fAucRkIKQmsIuYK3x1rrgU7MeGRruiuiA==
      }
    engines: { node: ^12.20.0 || ^14.13.1 || >=16.0.0 }
    dependencies:
      slice-ansi: 5.0.0
      string-width: 5.1.2
    dev: false

  /code-excerpt@4.0.0:
    resolution:
      {
        integrity: sha512-xxodCmBen3iy2i0WtAK8FlFNrRzjUqjRsMfho58xT/wvZU1YTM3fCnRjcy1gJPMepaRlgm/0e6w8SpWHpn3/cA==
      }
    engines: { node: ^12.20.0 || ^14.13.1 || >=16.0.0 }
    dependencies:
      convert-to-spaces: 2.0.1
    dev: false

  /color-convert@1.9.3:
    resolution:
      {
        integrity: sha512-QfAUtd+vFdAtFQcC8CCyYt1fYWxSqAiK2cSD6zDB8N3cpsEBAvRxp9zOGg6G/SHHJYAT88/az/IuDGALsNVbGg==
      }
    dependencies:
      color-name: 1.1.3
    dev: false

  /color-convert@2.0.1:
    resolution:
      {
        integrity: sha512-RRECPsj7iu/xb5oKYcsFHSppFNnsj/52OVTRKb4zP5onXwVF3zVmmToNcOfGC+CRDpfK/U584fMg38ZHCaElKQ==
      }
    engines: { node: '>=7.0.0' }
    dependencies:
      color-name: 1.1.4
    dev: true

  /color-name@1.1.3:
    resolution:
      {
        integrity: sha512-72fSenhMw2HZMTVHeCA9KCmpEIbzWiQsjN+BHcBbS9vr1mtt+vJjPdksIBNUmKAW8TFUDPJK5SUU3QhE9NEXDw==
      }
    dev: false

  /color-name@1.1.4:
    resolution:
      {
        integrity: sha512-dOy+3AuW3a2wNbZHIuMZpTcgjGuLU/uBL/ubcZF9OXbDo8ff4O8yVp5Bf0efS8uEoYo5q4Fx7dY9OgQGXgAsQA==
      }
    dev: true

  /convert-to-spaces@2.0.1:
    resolution:
      {
        integrity: sha512-rcQ1bsQO9799wq24uE5AM2tAILy4gXGIK/njFWcVQkGNZ96edlpY+A7bjwvzjYvLDyzmG1MmMLZhpcsb+klNMQ==
      }
    engines: { node: ^12.20.0 || ^14.13.1 || >=16.0.0 }
    dev: false

  /create-require@1.1.1:
    resolution:
      {
        integrity: sha512-dcKFX3jn0MpIaXjisoRvexIJVEKzaq7z2rZKxf+MSr9TkdmHmsU4m2lcLojrj/FHl8mk5VxMmYA+ftRkP/3oKQ==
      }
    dev: true

  /cross-spawn@7.0.3:
    resolution:
      {
        integrity: sha512-iRDPJKUPVEND7dHPO8rkbOnPpyDygcDFtWjpeWNCgy8WP2rXcxXL8TskReQl6OrB2G7+UJrags1q15Fudc7G6w==
      }
    engines: { node: '>= 8' }
    dependencies:
      path-key: 3.1.1
      shebang-command: 2.0.0
      which: 2.0.2

  /csstype@3.1.2:
    resolution:
      {
        integrity: sha512-I7K1Uu0MBPzaFKg4nI5Q7Vs2t+3gWWW648spaF+Rg7pI9ds18Ugn+lvg4SHczUdKlHI5LWBXyqfS8+DufyBsgQ==
      }

  /decamelize-keys@2.0.1:
    resolution:
      {
        integrity: sha512-nrNeSCtU2gV3Apcmn/EZ+aR20zKDuNDStV67jPiupokD3sOAFeMzslLMCFdKv1sPqzwoe5ZUhsSW9IAVgKSL/Q==
      }
    engines: { node: '>=14.16' }
    dependencies:
      decamelize: 6.0.0
      map-obj: 4.3.0
      quick-lru: 6.1.1
      type-fest: 3.13.1
    dev: false

  /decamelize@6.0.0:
    resolution:
      {
        integrity: sha512-Fv96DCsdOgB6mdGl67MT5JaTNKRzrzill5OH5s8bjYJXVlcXyPYGyPsUkWyGV5p1TXI5esYIYMMeDJL0hEIwaA==
      }
    engines: { node: ^12.20.0 || ^14.13.1 || >=16.0.0 }
    dev: false

  /deepmerge@4.3.1:
    resolution:
      {
        integrity: sha512-3sUqbMEc77XqpdNO7FRyRog+eW3ph+GYCbj+rK+uYyRMuwsVy0rMiVtPn+QJlKFvWP/1PYpapqYn0Me2knFn+A==
      }
    engines: { node: '>=0.10.0' }
    dev: false

  /diff@4.0.2:
    resolution:
      {
        integrity: sha512-58lmxKSA4BNyLz+HHMUzlOEpg09FV+ev6ZMe3vJihgdxzgcwZ8VoEEPmALCZG9LmqfVoNMMKpttIYTVG6uDY7A==
      }
    engines: { node: '>=0.3.1' }
    dev: true

  /eastasianwidth@0.2.0:
    resolution:
      {
        integrity: sha512-I88TYZWc9XiYHRQ4/3c5rjjfgkjhLyW2luGIheGERbNQ6OY7yTybanSpDXZa8y7VUP9YmDcYa+eyq4ca7iLqWA==
      }

  /emoji-regex@8.0.0:
    resolution:
      {
        integrity: sha512-MSjYzcWNOA0ewAHpz0MxpYFvwg6yjy1NG3xteoqz644VCo/RPgnr1/GGt+ic3iJTzQ8Eu3TdM14SawnVUmGE6A==
      }
    dev: true

  /emoji-regex@9.2.2:
    resolution:
      {
        integrity: sha512-L18DaJsXSUk2+42pv8mLs5jJT2hqFkFE4j21wOmgbUqsZ2hL72NsUU785g9RXgo3s0ZNgVl42TiHp3ZtOv/Vyg==
      }

  /error-ex@1.3.2:
    resolution:
      {
        integrity: sha512-7dFHNmqeFSEt2ZBsCriorKnn3Z2pj+fd9kmI6QoWw4//DL+icEBfc0U7qJCisqrTsKTjw4fNFy2pW9OqStD84g==
      }
    dependencies:
      is-arrayish: 0.2.1
    dev: false

  /escape-string-regexp@1.0.5:
    resolution:
      {
        integrity: sha512-vbRorB5FUQWvla16U8R/qgaFIya2qGzwDrNmCZuYKrbdSUMG6I1ZCGQRefkRVhuOkIGVne7BQ35DSfo1qvJqFg==
      }
    engines: { node: '>=0.8.0' }
    dev: false

  /escape-string-regexp@2.0.0:
    resolution:
      {
        integrity: sha512-UpzcLCXolUWcNu5HtVMHYdXJjArjsF9C0aNnquZYY4uW/Vu0miy5YoWvbV345HauVvcAUnpRuhMMcqTcGOY2+w==
      }
    engines: { node: '>=8' }
    dev: false

  /escape-string-regexp@5.0.0:
    resolution:
      {
        integrity: sha512-/veY75JbMK4j1yjvuUxuVsiS/hr/4iHs9FTT6cgTexxdE0Ly/glccBAkloH/DofkjRbZU3bnoj38mOmhkZ0lHw==
      }
    engines: { node: '>=12' }
    dev: false

  /execa@7.2.0:
    resolution:
      {
        integrity: sha512-UduyVP7TLB5IcAQl+OzLyLcS/l32W/GLg+AhHJ+ow40FOk2U3SAllPwR44v4vmdFwIWqpdwxxpQbF1n5ta9seA==
      }
    engines: { node: ^14.18.0 || ^16.14.0 || >=18.0.0 }
    dependencies:
      cross-spawn: 7.0.3
      get-stream: 6.0.1
      human-signals: 4.3.1
      is-stream: 3.0.0
      merge-stream: 2.0.0
      npm-run-path: 5.1.0
      onetime: 6.0.0
      signal-exit: 3.0.7
      strip-final-newline: 3.0.0
    dev: false

  /fast-fuzzy@1.12.0:
    resolution:
      {
        integrity: sha512-sXxGgHS+ubYpsdLnvOvJ9w5GYYZrtL9mkosG3nfuD446ahvoWEsSKBP7ieGmWIKVLnaxRDgUJkZMdxRgA2Ni+Q==
      }
    dependencies:
      graphemesplit: 2.4.4
    dev: false

  /figures@5.0.0:
    resolution:
      {
        integrity: sha512-ej8ksPF4x6e5wvK9yevct0UCXh8TTFlWGVLlgjZuoBH1HwjIfKE/IdL5mq89sFA7zELi1VhKpmtDnrs7zWyeyg==
      }
    engines: { node: '>=14' }
    dependencies:
      escape-string-regexp: 5.0.0
      is-unicode-supported: 1.3.0
    dev: false

  /find-up@6.3.0:
    resolution:
      {
        integrity: sha512-v2ZsoEuVHYy8ZIlYqwPe/39Cy+cFDzp4dXPaxNvkEuouymu+2Jbz0PxpKarJHYJTmv2HWT3O382qY8l4jMWthw==
      }
    engines: { node: ^12.20.0 || ^14.13.1 || >=16.0.0 }
    dependencies:
      locate-path: 7.2.0
      path-exists: 5.0.0
    dev: false

  /foreground-child@3.1.1:
    resolution:
      {
        integrity: sha512-TMKDUnIte6bfb5nWv7V/caI169OHgvwjb7V4WkeUvbQQdjr5rWKqHFiKWb/fcOwB+CzBT+qbWjvj+DVwRskpIg==
      }
    engines: { node: '>=14' }
    dependencies:
      cross-spawn: 7.0.3
      signal-exit: 4.1.0
    dev: true

  /function-bind@1.1.1:
    resolution:
      {
        integrity: sha512-yIovAzMX49sF8Yl58fSCWJ5svSLuaibPxXQJFLmBObTuCr0Mf1KiPopGM9NiFjiYBCbfaa2Fh6breQ6ANVTI0A==
      }
    dev: false

  /get-stream@6.0.1:
    resolution:
      {
        integrity: sha512-ts6Wi+2j3jQjqi70w5AlN8DFnkSwC+MqmxEzdEALB2qXZYV3X/b1CTfgPLGJNMeAWxdPfU8FO1ms3NUfaHCPYg==
      }
    engines: { node: '>=10' }
    dev: false

  /glob@10.3.3:
    resolution:
      {
        integrity: sha512-92vPiMb/iqpmEgsOoIDvTjc50wf9CCCvMzsi6W0JLPeUKE8TWP1a73PgqSrqy7iAZxaSD1YdzU7QZR5LF51MJw==
      }
    engines: { node: '>=16 || 14 >=14.17' }
    hasBin: true
    dependencies:
      foreground-child: 3.1.1
      jackspeak: 2.2.3
      minimatch: 9.0.3
      minipass: 7.0.2
      path-scurry: 1.10.1
    dev: true

  /graceful-fs@4.2.11:
    resolution:
      {
        integrity: sha512-RbJ5/jmFcNNCcDV5o9eTnBLJ/HszWV0P73bc+Ff4nS/rJj+YaS6IGyiOL0VoBYX+l1Wrl3k63h/KrH+nhJ0XvQ==
      }
    dev: false

  /graphemesplit@2.4.4:
    resolution:
      {
        integrity: sha512-lKrpp1mk1NH26USxC/Asw4OHbhSQf5XfrWZ+CDv/dFVvd1j17kFgMotdJvOesmHkbFX9P9sBfpH8VogxOWLg8w==
      }
    dependencies:
      js-base64: 3.7.5
      unicode-trie: 2.0.0
    dev: false

  /hard-rejection@2.1.0:
    resolution:
      {
        integrity: sha512-VIZB+ibDhx7ObhAe7OVtoEbuP4h/MuOTHJ+J8h/eBXotJYl0fBgR72xDFCKgIh22OJZIOVNxBMWuhAr10r8HdA==
      }
    engines: { node: '>=6' }
    dev: false

  /has-flag@3.0.0:
    resolution:
      {
        integrity: sha512-sKJf1+ceQBr4SMkvQnBDNDtf4TXpVhVGateu0t918bl30FnbE2m4vNLX+VWe/dpjlb+HugGYzW7uQXH98HPEYw==
      }
    engines: { node: '>=4' }
    dev: false

  /has@1.0.3:
    resolution:
      {
        integrity: sha512-f2dvO0VU6Oej7RkWJGrehjbzMAjFp5/VKPp5tTpWIV4JHHZK1/BxbFRtf/siA2SWTe09caDmVtYYzWEIbBS4zw==
      }
    engines: { node: '>= 0.4.0' }
    dependencies:
      function-bind: 1.1.1
    dev: false

  /hosted-git-info@4.1.0:
    resolution:
      {
        integrity: sha512-kyCuEOWjJqZuDbRHzL8V93NzQhwIB71oFWSyzVo+KPZI+pnQPPxucdkrOZvkLRnrf5URsQM+IJ09Dw29cRALIA==
      }
    engines: { node: '>=10' }
    dependencies:
      lru-cache: 6.0.0
    dev: false

  /hosted-git-info@6.1.1:
    resolution:
      {
        integrity: sha512-r0EI+HBMcXadMrugk0GCQ+6BQV39PiWAZVfq7oIckeGiN7sjRGyQxPdft3nQekFTCQbYxLBH+/axZMeH8UX6+w==
      }
    engines: { node: ^14.17.0 || ^16.13.0 || >=18.0.0 }
    dependencies:
      lru-cache: 7.18.3
    dev: false

  /human-signals@4.3.1:
    resolution:
      {
        integrity: sha512-nZXjEF2nbo7lIw3mgYjItAfgQXog3OjJogSbKa2CQIIvSGWcKgeJnQlNXip6NglNzYH45nSRiEVimMvYL8DDqQ==
      }
    engines: { node: '>=14.18.0' }
    dev: false

  /indent-string@5.0.0:
    resolution:
      {
        integrity: sha512-m6FAo/spmsW2Ab2fU35JTYwtOKa2yAwXSwgjSv1TJzh4Mh7mC3lzAOVLBprb72XsTrgkEIsl7YrFNAiDiRhIGg==
      }
    engines: { node: '>=12' }
    dev: false

  /ink-testing-library@3.0.0(@types/react@18.2.20):
    resolution:
      {
        integrity: sha512-ItyyoOmcm6yftb7c5mZI2HU22BWzue8PBbO3DStmY8B9xaqfKr7QJONiWOXcwVsOk/6HuVQ0v7N5xhPaR3jycA==
      }
    engines: { node: '>=14.16' }
    peerDependencies:
      '@types/react': '>=18.0.0'
    peerDependenciesMeta:
      '@types/react':
        optional: true
    dependencies:
      '@types/react': 18.2.20
    dev: true

  /ink@4.3.1(@types/react@18.2.20)(react@18.2.0):
    resolution:
      {
        integrity: sha512-XlH5AiZRLIC4cF+eMgZLsB/feHCDT7lUtHXK4pe8ULGrC6mNosrYidzJr8CRY0P+hK7UmZ1rLO+ufdox53+NQg==
      }
    engines: { node: '>=14.16' }
    peerDependencies:
      '@types/react': '>=18.0.0'
      react: '>=18.0.0'
      react-devtools-core: ^4.19.1
    peerDependenciesMeta:
      '@types/react':
        optional: true
      react-devtools-core:
        optional: true
    dependencies:
      '@alcalzone/ansi-tokenize': 0.1.2
      '@types/react': 18.2.20
      ansi-escapes: 6.2.0
      auto-bind: 5.0.1
      chalk: 5.3.0
      cli-boxes: 3.0.0
      cli-cursor: 4.0.0
      cli-truncate: 3.1.0
      code-excerpt: 4.0.0
      indent-string: 5.0.0
      is-ci: 3.0.1
      is-lower-case: 2.0.2
      is-upper-case: 2.0.2
      lodash: 4.17.21
      patch-console: 2.0.0
      react: 18.2.0
      react-reconciler: 0.29.0(react@18.2.0)
      scheduler: 0.23.0
      signal-exit: 3.0.7
      slice-ansi: 6.0.0
      stack-utils: 2.0.6
      string-width: 5.1.2
      type-fest: 0.12.0
      widest-line: 4.0.1
      wrap-ansi: 8.1.0
      ws: 8.13.0
      yoga-wasm-web: 0.3.3
    transitivePeerDependencies:
      - bufferutil
      - utf-8-validate
    dev: false

  /is-arrayish@0.2.1:
    resolution:
      {
        integrity: sha512-zz06S8t0ozoDXMG+ube26zeCTNXcKIPJZJi8hBrF4idCLms4CG9QtK7qBl1boi5ODzFpjswb5JPmHCbMpjaYzg==
      }
    dev: false

  /is-ci@3.0.1:
    resolution:
      {
        integrity: sha512-ZYvCgrefwqoQ6yTyYUbQu64HsITZ3NfKX1lzaEYdkTDcfKzzCI/wthRRYKkdjHKFVgNiXKAKm65Zo1pk2as/QQ==
      }
    hasBin: true
    dependencies:
      ci-info: 3.8.0
    dev: false

  /is-core-module@2.13.0:
    resolution:
      {
        integrity: sha512-Z7dk6Qo8pOCp3l4tsX2C5ZVas4V+UxwQodwZhLopL91TX8UyyHEXafPcyoeeWuLrwzHcr3igO78wNLwHJHsMCQ==
      }
    dependencies:
      has: 1.0.3
    dev: false

  /is-fullwidth-code-point@3.0.0:
    resolution:
      {
        integrity: sha512-zymm5+u+sCsSWyD9qNaejV3DFvhCKclKdizYaJUuHA83RLjb7nSuGnddCHGv0hk+KY7BMAlsWeK4Ueg6EV6XQg==
      }
    engines: { node: '>=8' }
    dev: true

  /is-fullwidth-code-point@4.0.0:
    resolution:
      {
        integrity: sha512-O4L094N2/dZ7xqVdrXhh9r1KODPJpFms8B5sGdJLPy664AgvXsreZUyCQQNItZRDlYug4xStLjNp/sz3HvBowQ==
      }
    engines: { node: '>=12' }
    dev: false

  /is-lower-case@2.0.2:
    resolution:
      {
        integrity: sha512-bVcMJy4X5Og6VZfdOZstSexlEy20Sr0k/p/b2IlQJlfdKAQuMpiv5w2Ccxb8sKdRUNAG1PnHVHjFSdRDVS6NlQ==
      }
    dependencies:
      tslib: 2.6.1
    dev: false

  /is-plain-obj@1.1.0:
    resolution:
      {
        integrity: sha512-yvkRyxmFKEOQ4pNXCmJG5AEQNlXJS5LaONXo5/cLdTZdWvsZ1ioJEonLGAosKlMWE8lwUy/bJzMjcw8az73+Fg==
      }
    engines: { node: '>=0.10.0' }
    dev: false

  /is-stream@3.0.0:
    resolution:
      {
        integrity: sha512-LnQR4bZ9IADDRSkvpqMGvt/tEJWclzklNgSw48V5EAaAeDd6qGvN8ei6k5p0tvxSR171VmGyHuTiAOfxAbr8kA==
      }
    engines: { node: ^12.20.0 || ^14.13.1 || >=16.0.0 }
    dev: false

  /is-unicode-supported@1.3.0:
    resolution:
      {
        integrity: sha512-43r2mRvz+8JRIKnWJ+3j8JtjRKZ6GmjzfaE/qiBJnikNnYv/6bagRJ1kUhNk8R5EX/GkobD+r+sfxCPJsiKBLQ==
      }
    engines: { node: '>=12' }
    dev: false

  /is-upper-case@2.0.2:
    resolution:
      {
        integrity: sha512-44pxmxAvnnAOwBg4tHPnkfvgjPwbc5QIsSstNU+YcJ1ovxVzCWpSGosPJOZh/a1tdl81fbgnLc9LLv+x2ywbPQ==
      }
    dependencies:
      tslib: 2.6.1
    dev: false

  /isexe@2.0.0:
    resolution:
      {
        integrity: sha512-RHxMLp9lnKHGHRng9QFhRCMbYAcVpn69smSGcq3f36xjgVVWThj4qqLbTLlq7Ssj8B+fIQ1EuCEGI2lKsyQeIw==
      }

  /jackspeak@2.2.3:
    resolution:
      {
        integrity: sha512-pF0kfjmg8DJLxDrizHoCZGUFz4P4czQ3HyfW4BU0ffebYkzAVlBywp5zaxW/TM+r0sGbmrQdi8EQQVTJFxnGsQ==
      }
    engines: { node: '>=14' }
    dependencies:
      '@isaacs/cliui': 8.0.2
    optionalDependencies:
      '@pkgjs/parseargs': 0.11.0
    dev: true

  /js-base64@3.7.5:
    resolution:
      {
        integrity: sha512-3MEt5DTINKqfScXKfJFrRbxkrnk2AxPWGBL/ycjz4dK8iqiSJ06UxD8jh8xuh6p10TX4t2+7FsBYVxxQbMg+qA==
      }
    dev: false

  /js-tokens@4.0.0:
    resolution:
      {
        integrity: sha512-RdJUflcE3cUzKiMqQgsCu06FPu9UdIJO0beYbPhHN4k6apgJtifcoCtT9bcxOpYBtpD2kCM6Sbzg4CausW/PKQ==
      }
    dev: false

  /json-parse-even-better-errors@2.3.1:
    resolution:
      {
        integrity: sha512-xyFwyhro/JEof6Ghe2iz2NcXoj2sloNsWr/XsERDK/oiPCfaNhl5ONfp+jQdAZRQQ0IJWNzH9zIZF7li91kh2w==
      }
    dev: false

  /kind-of@6.0.3:
    resolution:
      {
        integrity: sha512-dcS1ul+9tmeD95T+x28/ehLgd9mENa3LsvDTtzm3vyBEO7RPptvAD+t44WVXaUjTBRcrpFeFlC8WCruUR456hw==
      }
    engines: { node: '>=0.10.0' }
    dev: false

  /lines-and-columns@1.2.4:
    resolution:
      {
        integrity: sha512-7ylylesZQ/PV29jhEDl3Ufjo6ZX7gCqJr5F7PKrqc93v7fzSymt1BpwEU8nAUXs8qzzvqhbjhK5QZg6Mt/HkBg==
      }
    dev: false

  /locate-path@7.2.0:
    resolution:
      {
        integrity: sha512-gvVijfZvn7R+2qyPX8mAuKcFGDf6Nc61GdvGafQsHL0sBIxfKzA+usWn4GFC/bk+QdwPUD4kWFJLhElipq+0VA==
      }
    engines: { node: ^12.20.0 || ^14.13.1 || >=16.0.0 }
    dependencies:
      p-locate: 6.0.0
    dev: false

  /lodash@4.17.21:
    resolution:
      {
        integrity: sha512-v2kDEe57lecTulaDIuNTPy3Ry4gLGJ6Z1O3vE1krgXZNrsQ+LFTGHVxVjcXPs17LhbZVGedAJv8XZ1tvj5FvSg==
      }
    dev: false

  /loose-envify@1.4.0:
    resolution:
      {
        integrity: sha512-lyuxPGr/Wfhrlem2CL/UcnUc1zcqKAImBDzukY7Y5F/yQiNdko6+fRLevlw1HgMySw7f611UIY408EtxRSoK3Q==
      }
    hasBin: true
    dependencies:
      js-tokens: 4.0.0
    dev: false

  /lru-cache@10.0.1:
    resolution:
      {
        integrity: sha512-IJ4uwUTi2qCccrioU6g9g/5rvvVl13bsdczUUcqbciD9iLr095yj8DQKdObriEvuNSx325N1rV1O0sJFszx75g==
      }
    engines: { node: 14 || >=16.14 }
    dev: true

  /lru-cache@6.0.0:
    resolution:
      {
        integrity: sha512-Jo6dJ04CmSjuznwJSS3pUeWmd/H0ffTlkXXgwZi+eq1UCmqQwCh+eLsYOYCwY991i2Fah4h1BEMCx4qThGbsiA==
      }
    engines: { node: '>=10' }
    dependencies:
      yallist: 4.0.0
    dev: false

  /lru-cache@7.18.3:
    resolution:
      {
        integrity: sha512-jumlc0BIUrS3qJGgIkWZsyfAM7NCWiBcCDhnd+3NNM5KbBmLTgHVfWBcg6W+rLUsIpzpERPsvwUP7CckAQSOoA==
      }
    engines: { node: '>=12' }
    dev: false

  /make-error@1.3.6:
    resolution:
      {
        integrity: sha512-s8UhlNe7vPKomQhC1qFelMokr/Sc3AgNbso3n74mVPA5LTZwkB9NlXf4XPamLxJE8h0gh73rM94xvwRT2CVInw==
      }
    dev: true

  /map-obj@4.3.0:
    resolution:
      {
        integrity: sha512-hdN1wVrZbb29eBGiGjJbeP8JbKjq1urkHJ/LIP/NY48MZ1QVXUsQBV1G1zvYFHn1XE06cwjBsOI2K3Ulnj1YXQ==
      }
    engines: { node: '>=8' }
    dev: false

  /meow@12.0.1:
    resolution:
      {
        integrity: sha512-/QOqMALNoKQcJAOOdIXjNLtfcCdLXbMFyB1fOOPdm6RzfBTlsuodOCTBDjVbeUSmgDQb8UI2oONqYGtq1PKKKA==
      }
    engines: { node: '>=16.10' }
    dependencies:
      '@types/minimist': 1.2.2
      camelcase-keys: 8.0.2
      decamelize: 6.0.0
      decamelize-keys: 2.0.1
      hard-rejection: 2.1.0
      minimist-options: 4.1.0
      normalize-package-data: 5.0.0
      read-pkg-up: 9.1.0
      redent: 4.0.0
      trim-newlines: 5.0.0
      type-fest: 3.13.1
      yargs-parser: 21.1.1
    dev: false

  /merge-stream@2.0.0:
    resolution:
      {
        integrity: sha512-abv/qOcuPfk3URPfDzmZU1LKmuw8kT+0nIHvKrKgFrwifol/doWcdA4ZqsWQ8ENrFKkd67Mfpo/LovbIUsbt3w==
      }
    dev: false

  /mimic-fn@2.1.0:
    resolution:
      {
        integrity: sha512-OqbOk5oEQeAZ8WXWydlu9HJjz9WVdEIvamMCcXmuqUYjTknH/sqsWvhQ3vgwKFRR1HpjvNBKQ37nbJgYzGqGcg==
      }
    engines: { node: '>=6' }
    dev: false

  /mimic-fn@4.0.0:
    resolution:
      {
        integrity: sha512-vqiC06CuhBTUdZH+RYl8sFrL096vA45Ok5ISO6sE/Mr1jRbGH4Csnhi8f3wKVl7x8mO4Au7Ir9D3Oyv1VYMFJw==
      }
    engines: { node: '>=12' }
    dev: false

  /min-indent@1.0.1:
    resolution:
      {
        integrity: sha512-I9jwMn07Sy/IwOj3zVkVik2JTvgpaykDZEigL6Rx6N9LbMywwUSMtxET+7lVoDLLd3O3IXwJwvuuns8UB/HeAg==
      }
    engines: { node: '>=4' }
    dev: false

  /minimatch@9.0.3:
    resolution:
      {
        integrity: sha512-RHiac9mvaRw0x3AYRgDC1CxAP7HTcNrrECeA8YYJeWnpo+2Q5CegtZjaotWTWxDG3UeGA1coE05iH1mPjT/2mg==
      }
    engines: { node: '>=16 || 14 >=14.17' }
    dependencies:
      brace-expansion: 2.0.1
    dev: true

  /minimist-options@4.1.0:
    resolution:
      {
        integrity: sha512-Q4r8ghd80yhO/0j1O3B2BjweX3fiHg9cdOwjJd2J76Q135c+NDxGCqdYKQ1SKBuFfgWbAUzBfvYjPUEeNgqN1A==
      }
    engines: { node: '>= 6' }
    dependencies:
      arrify: 1.0.1
      is-plain-obj: 1.1.0
      kind-of: 6.0.3
    dev: false

  /minipass@7.0.2:
    resolution:
      {
        integrity: sha512-eL79dXrE1q9dBbDCLg7xfn/vl7MS4F1gvJAgjJrQli/jbQWdUttuVawphqpffoIYfRdq78LHx6GP4bU/EQ2ATA==
      }
    engines: { node: '>=16 || 14 >=14.17' }
    dev: true

  /normalize-package-data@3.0.3:
    resolution:
      {
        integrity: sha512-p2W1sgqij3zMMyRC067Dg16bfzVH+w7hyegmpIvZ4JNjqtGOVAIvLmjBx3yP7YTe9vKJgkoNOPjwQGogDoMXFA==
      }
    engines: { node: '>=10' }
    dependencies:
      hosted-git-info: 4.1.0
      is-core-module: 2.13.0
      semver: 7.5.4
      validate-npm-package-license: 3.0.4
    dev: false

  /normalize-package-data@5.0.0:
    resolution:
      {
        integrity: sha512-h9iPVIfrVZ9wVYQnxFgtw1ugSvGEMOlyPWWtm8BMJhnwyEL/FLbYbTY3V3PpjI/BUK67n9PEWDu6eHzu1fB15Q==
      }
    engines: { node: ^14.17.0 || ^16.13.0 || >=18.0.0 }
    dependencies:
      hosted-git-info: 6.1.1
      is-core-module: 2.13.0
      semver: 7.5.4
      validate-npm-package-license: 3.0.4
    dev: false

  /npm-run-path@5.1.0:
    resolution:
      {
        integrity: sha512-sJOdmRGrY2sjNTRMbSvluQqg+8X7ZK61yvzBEIDhz4f8z1TZFYABsqjjCBd/0PUNE9M6QDgHJXQkGUEm7Q+l9Q==
      }
    engines: { node: ^12.20.0 || ^14.13.1 || >=16.0.0 }
    dependencies:
      path-key: 4.0.0
    dev: false

  /onetime@5.1.2:
    resolution:
      {
        integrity: sha512-kbpaSSGJTWdAY5KPVeMOKXSrPtr8C8C7wodJbcsd51jRnmD+GZu8Y0VoU6Dm5Z4vWr0Ig/1NKuWRKf7j5aaYSg==
      }
    engines: { node: '>=6' }
    dependencies:
      mimic-fn: 2.1.0
    dev: false

  /onetime@6.0.0:
    resolution:
      {
        integrity: sha512-1FlR+gjXK7X+AsAHso35MnyN5KqGwJRi/31ft6x0M194ht7S+rWAvd7PHss9xSKMzE0asv1pyIHaJYq+BbacAQ==
      }
    engines: { node: '>=12' }
    dependencies:
      mimic-fn: 4.0.0
    dev: false

  /p-limit@4.0.0:
    resolution:
      {
        integrity: sha512-5b0R4txpzjPWVw/cXXUResoD4hb6U/x9BH08L7nw+GN1sezDzPdxeRvpc9c433fZhBan/wusjbCsqwqm4EIBIQ==
      }
    engines: { node: ^12.20.0 || ^14.13.1 || >=16.0.0 }
    dependencies:
      yocto-queue: 1.0.0
    dev: false

  /p-locate@6.0.0:
    resolution:
      {
        integrity: sha512-wPrq66Llhl7/4AGC6I+cqxT07LhXvWL08LNXz1fENOw0Ap4sRZZ/gZpTTJ5jpurzzzfS2W/Ge9BY3LgLjCShcw==
      }
    engines: { node: ^12.20.0 || ^14.13.1 || >=16.0.0 }
    dependencies:
      p-limit: 4.0.0
    dev: false

  /pako@0.2.9:
    resolution:
      {
        integrity: sha512-NUcwaKxUxWrZLpDG+z/xZaCgQITkA/Dv4V/T6bw7VON6l1Xz/VnrBqrYjZQ12TamKHzITTfOEIYUj48y2KXImA==
      }
    dev: false

  /parse-json@5.2.0:
    resolution:
      {
        integrity: sha512-ayCKvm/phCGxOkYRSCM82iDwct8/EonSEgCSxWxD7ve6jHggsFl4fZVQBPRNgQoKiuV/odhFrGzQXZwbifC8Rg==
      }
    engines: { node: '>=8' }
    dependencies:
      '@babel/code-frame': 7.22.10
      error-ex: 1.3.2
      json-parse-even-better-errors: 2.3.1
      lines-and-columns: 1.2.4
    dev: false

  /patch-console@2.0.0:
    resolution:
      {
        integrity: sha512-0YNdUceMdaQwoKce1gatDScmMo5pu/tfABfnzEqeG0gtTmd7mh/WcwgUjtAeOU7N8nFFlbQBnFK2gXW5fGvmMA==
      }
    engines: { node: ^12.20.0 || ^14.13.1 || >=16.0.0 }
    dev: false

  /path-exists@5.0.0:
    resolution:
      {
        integrity: sha512-RjhtfwJOxzcFmNOi6ltcbcu4Iu+FL3zEj83dk4kAS+fVpTxXLO1b38RvJgT/0QwvV/L3aY9TAnyv0EOqW4GoMQ==
      }
    engines: { node: ^12.20.0 || ^14.13.1 || >=16.0.0 }
    dev: false

  /path-key@3.1.1:
    resolution:
      {
        integrity: sha512-ojmeN0qd+y0jszEtoY48r0Peq5dwMEkIlCOu6Q5f41lfkswXuKtYrhgoTpLnyIcHm24Uhqx+5Tqm2InSwLhE6Q==
      }
    engines: { node: '>=8' }

  /path-key@4.0.0:
    resolution:
      {
        integrity: sha512-haREypq7xkM7ErfgIyA0z+Bj4AGKlMSdlQE2jvJo6huWD1EdkKYV+G/T4nq0YEF2vgTT8kqMFKo1uHn950r4SQ==
      }
    engines: { node: '>=12' }
    dev: false

  /path-scurry@1.10.1:
    resolution:
      {
        integrity: sha512-MkhCqzzBEpPvxxQ71Md0b1Kk51W01lrYvlMzSUaIzNsODdd7mqhiimSZlr+VegAz5Z6Vzt9Xg2ttE//XBhH3EQ==
      }
    engines: { node: '>=16 || 14 >=14.17' }
    dependencies:
      lru-cache: 10.0.1
      minipass: 7.0.2
    dev: true

  /prettier@3.0.1:
    resolution:
      {
        integrity: sha512-fcOWSnnpCrovBsmFZIGIy9UqK2FaI7Hqax+DIO0A9UxeVoY4iweyaFjS5TavZN97Hfehph0nhsZnjlVKzEQSrQ==
      }
    engines: { node: '>=14' }
    hasBin: true
    dev: true

  /quick-lru@6.1.1:
    resolution:
      {
        integrity: sha512-S27GBT+F0NTRiehtbrgaSE1idUAJ5bX8dPAQTdylEyNlrdcH5X4Lz7Edz3DYzecbsCluD5zO8ZNEe04z3D3u6Q==
      }
    engines: { node: '>=12' }
    dev: false

  /react-reconciler@0.29.0(react@18.2.0):
    resolution:
      {
        integrity: sha512-wa0fGj7Zht1EYMRhKWwoo1H9GApxYLBuhoAuXN0TlltESAjDssB+Apf0T/DngVqaMyPypDmabL37vw/2aRM98Q==
      }
    engines: { node: '>=0.10.0' }
    peerDependencies:
      react: ^18.2.0
    dependencies:
      loose-envify: 1.4.0
      react: 18.2.0
      scheduler: 0.23.0
    dev: false

  /react@18.2.0:
    resolution:
      {
        integrity: sha512-/3IjMdb2L9QbBdWiW5e3P2/npwMBaU9mHCSCUzNln0ZCYbcfTsGbTJrU/kGemdH2IWmB2ioZ+zkxtmq6g09fGQ==
      }
    engines: { node: '>=0.10.0' }
    dependencies:
      loose-envify: 1.4.0
    dev: false

  /read-pkg-up@9.1.0:
    resolution:
      {
        integrity: sha512-vaMRR1AC1nrd5CQM0PhlRsO5oc2AAigqr7cCrZ/MW/Rsaflz4RlgzkpL4qoU/z1F6wrbd85iFv1OQj/y5RdGvg==
      }
    engines: { node: ^12.20.0 || ^14.13.1 || >=16.0.0 }
    dependencies:
      find-up: 6.3.0
      read-pkg: 7.1.0
      type-fest: 2.19.0
    dev: false

  /read-pkg@7.1.0:
    resolution:
      {
        integrity: sha512-5iOehe+WF75IccPc30bWTbpdDQLOCc3Uu8bi3Dte3Eueij81yx1Mrufk8qBx/YAbR4uL1FdUr+7BKXDwEtisXg==
      }
    engines: { node: '>=12.20' }
    dependencies:
      '@types/normalize-package-data': 2.4.1
      normalize-package-data: 3.0.3
      parse-json: 5.2.0
      type-fest: 2.19.0
    dev: false

  /redent@4.0.0:
    resolution:
      {
        integrity: sha512-tYkDkVVtYkSVhuQ4zBgfvciymHaeuel+zFKXShfDnFP5SyVEP7qo70Rf1jTOTCx3vGNAbnEi/xFkcfQVMIBWag==
      }
    engines: { node: '>=12' }
    dependencies:
      indent-string: 5.0.0
      strip-indent: 4.0.0
    dev: false

  /restore-cursor@4.0.0:
    resolution:
      {
        integrity: sha512-I9fPXU9geO9bHOt9pHHOhOkYerIMsmVaWB0rA2AI9ERh/+x/i7MV5HKBNrg+ljO5eoPVgCcnFuRjJ9uH6I/3eg==
      }
    engines: { node: ^12.20.0 || ^14.13.1 || >=16.0.0 }
    dependencies:
      onetime: 5.1.2
      signal-exit: 3.0.7
    dev: false

  /rimraf@5.0.1:
    resolution:
      {
        integrity: sha512-OfFZdwtd3lZ+XZzYP/6gTACubwFcHdLRqS9UX3UwpU2dnGQYkPFISRwvM3w9IiB2w7bW5qGo/uAwE4SmXXSKvg==
      }
    engines: { node: '>=14' }
    hasBin: true
    dependencies:
      glob: 10.3.3
    dev: true

  /scheduler@0.23.0:
    resolution:
      {
        integrity: sha512-CtuThmgHNg7zIZWAXi3AsyIzA3n4xx7aNyjwC2VJldO2LMVDhFK+63xGqq6CsJH4rTAt6/M+N4GhZiDYPx9eUw==
      }
    dependencies:
      loose-envify: 1.4.0
    dev: false

  /semver@7.5.4:
    resolution:
      {
        integrity: sha512-1bCSESV6Pv+i21Hvpxp3Dx+pSD8lIPt8uVjRrxAUt/nbswYc+tK6Y2btiULjd4+fnq15PX+nqQDC7Oft7WkwcA==
      }
    engines: { node: '>=10' }
    hasBin: true
    dependencies:
      lru-cache: 6.0.0
    dev: false

  /shebang-command@2.0.0:
    resolution:
      {
        integrity: sha512-kHxr2zZpYtdmrN1qDjrrX/Z1rR1kG8Dx+gkpK1G4eXmvXswmcE1hTWBWYUzlraYw1/yZp6YuDY77YtvbN0dmDA==
      }
    engines: { node: '>=8' }
    dependencies:
      shebang-regex: 3.0.0

  /shebang-regex@3.0.0:
    resolution:
      {
        integrity: sha512-7++dFhtcx3353uBaq8DDR4NuxBetBzC7ZQOhmTQInHEd6bSrXdiEyzCvG07Z44UYdLShWUyXt5M/yhz8ekcb1A==
      }
    engines: { node: '>=8' }

  /signal-exit@3.0.7:
    resolution:
      {
        integrity: sha512-wnD2ZE+l+SPC/uoS0vXeE9L1+0wuaMqKlfz9AMUo38JsyLSBWSFcHR1Rri62LZc12vLr1gb3jl7iwQhgwpAbGQ==
      }
    dev: false

  /signal-exit@4.1.0:
    resolution:
      {
        integrity: sha512-bzyZ1e88w9O1iNJbKnOlvYTrWPDl46O1bG0D3XInv+9tkPrxrN8jUUTiFlDkkmKWgn1M6CfIA13SuGqOa9Korw==
      }
    engines: { node: '>=14' }
    dev: true

  /slice-ansi@5.0.0:
    resolution:
      {
        integrity: sha512-FC+lgizVPfie0kkhqUScwRu1O/lF6NOgJmlCgK+/LYxDCTk8sGelYaHDhFcDN+Sn3Cv+3VSa4Byeo+IMCzpMgQ==
      }
    engines: { node: '>=12' }
    dependencies:
      ansi-styles: 6.2.1
      is-fullwidth-code-point: 4.0.0
    dev: false

  /slice-ansi@6.0.0:
    resolution:
      {
        integrity: sha512-6bn4hRfkTvDfUoEQYkERg0BVF1D0vrX9HEkMl08uDiNWvVvjylLHvZFZWkDo6wjT8tUctbYl1nCOuE66ZTaUtA==
      }
    engines: { node: '>=14.16' }
    dependencies:
      ansi-styles: 6.2.1
      is-fullwidth-code-point: 4.0.0
    dev: false

  /spdx-correct@3.2.0:
    resolution:
      {
        integrity: sha512-kN9dJbvnySHULIluDHy32WHRUu3Og7B9sbY7tsFLctQkIqnMh3hErYgdMjTYuqmcXX+lK5T1lnUt3G7zNswmZA==
      }
    dependencies:
      spdx-expression-parse: 3.0.1
      spdx-license-ids: 3.0.13
    dev: false

  /spdx-exceptions@2.3.0:
    resolution:
      {
        integrity: sha512-/tTrYOC7PPI1nUAgx34hUpqXuyJG+DTHJTnIULG4rDygi4xu/tfgmq1e1cIRwRzwZgo4NLySi+ricLkZkw4i5A==
      }
    dev: false

  /spdx-expression-parse@3.0.1:
    resolution:
      {
        integrity: sha512-cbqHunsQWnJNE6KhVSMsMeH5H/L9EpymbzqTQ3uLwNCLZ1Q481oWaofqH7nO6V07xlXwY6PhQdQ2IedWx/ZK4Q==
      }
    dependencies:
      spdx-exceptions: 2.3.0
      spdx-license-ids: 3.0.13
    dev: false

  /spdx-license-ids@3.0.13:
    resolution:
      {
        integrity: sha512-XkD+zwiqXHikFZm4AX/7JSCXA98U5Db4AFd5XUg/+9UNtnH75+Z9KxtpYiJZx36mUDVOwH83pl7yvCer6ewM3w==
      }
    dev: false

  /stack-utils@2.0.6:
    resolution:
      {
        integrity: sha512-XlkWvfIm6RmsWtNJx+uqtKLS8eqFbxUg0ZzLXqY0caEy9l7hruX8IpiDnjsLavoBgqCCR71TqWO8MaXYheJ3RQ==
      }
    engines: { node: '>=10' }
    dependencies:
      escape-string-regexp: 2.0.0
    dev: false

  /string-width@4.2.3:
    resolution:
      {
        integrity: sha512-wKyQRQpjJ0sIp62ErSZdGsjMJWsap5oRNihHhu6G7JVO/9jIB6UyevL+tXuOqrng8j/cxKTWyWUwvSTriiZz/g==
      }
    engines: { node: '>=8' }
    dependencies:
      emoji-regex: 8.0.0
      is-fullwidth-code-point: 3.0.0
      strip-ansi: 6.0.1
    dev: true

  /string-width@5.1.2:
    resolution:
      {
        integrity: sha512-HnLOCR3vjcY8beoNLtcjZ5/nxn2afmME6lhrDrebokqMap+XbeW8n9TXpPDOqdGK5qcI3oT0GKTW6wC7EMiVqA==
      }
    engines: { node: '>=12' }
    dependencies:
      eastasianwidth: 0.2.0
      emoji-regex: 9.2.2
      strip-ansi: 7.1.0

  /strip-ansi@6.0.1:
    resolution:
      {
        integrity: sha512-Y38VPSHcqkFrCpFnQ9vuSXmquuv5oXOKpGeT6aGrr3o3Gc9AlVa6JBfUSOCnbxGGZF+/0ooI7KrPuUSztUdU5A==
      }
    engines: { node: '>=8' }
    dependencies:
      ansi-regex: 5.0.1
    dev: true

  /strip-ansi@7.1.0:
    resolution:
      {
        integrity: sha512-iq6eVVI64nQQTRYq2KtEg2d2uU7LElhTJwsH4YzIHZshxlgZms/wIc4VoDQTlG/IvVIrBKG06CrZnp0qv7hkcQ==
      }
    engines: { node: '>=12' }
    dependencies:
      ansi-regex: 6.0.1

  /strip-final-newline@3.0.0:
    resolution:
      {
        integrity: sha512-dOESqjYr96iWYylGObzd39EuNTa5VJxyvVAEm5Jnh7KGo75V43Hk1odPQkNDyXNmUR6k+gEiDVXnjB8HJ3crXw==
      }
    engines: { node: '>=12' }
    dev: false

  /strip-indent@4.0.0:
    resolution:
      {
        integrity: sha512-mnVSV2l+Zv6BLpSD/8V87CW/y9EmmbYzGCIavsnsI6/nwn26DwffM/yztm30Z/I2DY9wdS3vXVCMnHDgZaVNoA==
      }
    engines: { node: '>=12' }
    dependencies:
      min-indent: 1.0.1
    dev: false

  /supports-color@5.5.0:
    resolution:
      {
        integrity: sha512-QjVjwdXIt408MIiAqCX4oUKsgU2EqAGzs2Ppkm4aQYbjm+ZEWEcW4SfFNTr4uMNZma0ey4f5lgLrkB0aX0QMow==
      }
    engines: { node: '>=4' }
    dependencies:
      has-flag: 3.0.0
    dev: false

  /tiny-inflate@1.0.3:
    resolution:
      {
        integrity: sha512-pkY1fj1cKHb2seWDy0B16HeWyczlJA9/WW3u3c4z/NiWDsO3DOU5D7nhTLE9CF0yXv/QZFY7sEJmj24dK+Rrqw==
      }
    dev: false

  /trim-newlines@5.0.0:
    resolution:
      {
        integrity: sha512-kstfs+hgwmdsOadN3KgA+C68wPJwnZq4DN6WMDCvZapDWEF34W2TyPKN2v2+BJnZgIz5QOfxFeldLyYvdgRAwg==
      }
    engines: { node: '>=14.16' }
    dev: false

  /ts-node@10.9.1(@types/node@20.4.9)(typescript@5.1.6):
    resolution:
      {
        integrity: sha512-NtVysVPkxxrwFGUUxGYhfux8k78pQB3JqYBXlLRZgdGUqTO5wU/UyHop5p70iEbGhB7q5KmiZiU0Y3KlJrScEw==
      }
    hasBin: true
    peerDependencies:
      '@swc/core': '>=1.2.50'
      '@swc/wasm': '>=1.2.50'
      '@types/node': '*'
      typescript: '>=2.7'
    peerDependenciesMeta:
      '@swc/core':
        optional: true
      '@swc/wasm':
        optional: true
    dependencies:
      '@cspotcode/source-map-support': 0.8.1
      '@tsconfig/node10': 1.0.9
      '@tsconfig/node12': 1.0.11
      '@tsconfig/node14': 1.0.3
      '@tsconfig/node16': 1.0.4
      '@types/node': 20.4.9
      acorn: 8.10.0
      acorn-walk: 8.2.0
      arg: 4.1.3
      create-require: 1.1.1
      diff: 4.0.2
      make-error: 1.3.6
      typescript: 5.1.6
      v8-compile-cache-lib: 3.0.1
      yn: 3.1.1
    dev: true

  /tslib@2.6.1:
    resolution:
      {
        integrity: sha512-t0hLfiEKfMUoqhG+U1oid7Pva4bbDPHYfJNiB7BiIjRkj1pyC++4N3huJfqY6aRH6VTB0rvtzQwjM4K6qpfOig==
      }
    dev: false

  /type-fest@0.12.0:
    resolution:
      {
        integrity: sha512-53RyidyjvkGpnWPMF9bQgFtWp+Sl8O2Rp13VavmJgfAP9WWG6q6TkrKU8iyJdnwnfgHI6k2hTlgqH4aSdjoTbg==
      }
    engines: { node: '>=10' }
    dev: false

  /type-fest@2.19.0:
    resolution:
      {
        integrity: sha512-RAH822pAdBgcNMAfWnCBU3CFZcfZ/i1eZjwFU/dsLKumyuuP3niueg2UAukXYF0E2AAoc82ZSSf9J0WQBinzHA==
      }
    engines: { node: '>=12.20' }
    dev: false

  /type-fest@3.13.1:
    resolution:
      {
        integrity: sha512-tLq3bSNx+xSpwvAJnzrK0Ep5CLNWjvFTOp71URMaAEWBfRb9nnJiBoUe0tF8bI4ZFO3omgBR6NvnbzVUT3Ly4g==
      }
    engines: { node: '>=14.16' }
    dev: false

  /typescript@5.1.6:
    resolution:
      {
        integrity: sha512-zaWCozRZ6DLEWAWFrVDz1H6FVXzUSfTy5FUMWsQlU8Ym5JP9eO4xkTIROFCQvhQf61z6O/G6ugw3SgAnvvm+HA==
      }
    engines: { node: '>=14.17' }
    hasBin: true
    dev: true

  /unicode-trie@2.0.0:
    resolution:
      {
        integrity: sha512-x7bc76x0bm4prf1VLg79uhAzKw8DVboClSN5VxJuQ+LKDOVEW9CdH+VY7SP+vX7xCYQqzzgQpFqz15zeLvAtZQ==
      }
    dependencies:
      pako: 0.2.9
      tiny-inflate: 1.0.3
    dev: false

  /v8-compile-cache-lib@3.0.1:
    resolution:
      {
        integrity: sha512-wa7YjyUGfNZngI/vtK0UHAN+lgDCxBPCylVXGp0zu59Fz5aiGtNXaq3DhIov063MorB+VfufLh3JlF2KdTK3xg==
      }
    dev: true

  /validate-npm-package-license@3.0.4:
    resolution:
      {
        integrity: sha512-DpKm2Ui/xN7/HQKCtpZxoRWBhZ9Z0kqtygG8XCgNQ8ZlDnxuQmWhj566j8fN4Cu3/JmbhsDo7fcAJq4s9h27Ew==
      }
    dependencies:
      spdx-correct: 3.2.0
      spdx-expression-parse: 3.0.1
    dev: false

  /which@2.0.2:
    resolution:
      {
        integrity: sha512-BLI3Tl1TW3Pvl70l3yq3Y64i+awpwXqsGBYWkkqMtnbXgrMD+yj7rhW0kuEDxzJaYXGjEW5ogapKNMEKNMjibA==
      }
    engines: { node: '>= 8' }
    hasBin: true
    dependencies:
      isexe: 2.0.0

  /widest-line@4.0.1:
    resolution:
      {
        integrity: sha512-o0cyEG0e8GPzT4iGHphIOh0cJOV8fivsXxddQasHPHfoZf1ZexrfeA21w2NaEN1RHE+fXlfISmOE8R9N3u3Qig==
      }
    engines: { node: '>=12' }
    dependencies:
      string-width: 5.1.2
    dev: false

  /wrap-ansi@7.0.0:
    resolution:
      {
        integrity: sha512-YVGIj2kamLSTxw6NsZjoBxfSwsn0ycdesmc4p+Q21c5zPuZ1pl+NfxVdxPtdHvmNVOQ6XSYG4AUtyt/Fi7D16Q==
      }
    engines: { node: '>=10' }
    dependencies:
      ansi-styles: 4.3.0
      string-width: 4.2.3
      strip-ansi: 6.0.1
    dev: true

  /wrap-ansi@8.1.0:
    resolution:
      {
        integrity: sha512-si7QWI6zUMq56bESFvagtmzMdGOtoxfR+Sez11Mobfc7tm+VkUckk9bW2UeffTGVUbOksxmSw0AA2gs8g71NCQ==
      }
    engines: { node: '>=12' }
    dependencies:
      ansi-styles: 6.2.1
      string-width: 5.1.2
      strip-ansi: 7.1.0

  /ws@8.13.0:
    resolution:
      {
        integrity: sha512-x9vcZYTrFPC7aSIbj7sRCYo7L/Xb8Iy+pW0ng0wt2vCJv7M9HOMy0UoN3rr+IFC7hb7vXoqS+P9ktyLLLhO+LA==
      }
    engines: { node: '>=10.0.0' }
    peerDependencies:
      bufferutil: ^4.0.1
      utf-8-validate: '>=5.0.2'
    peerDependenciesMeta:
      bufferutil:
        optional: true
      utf-8-validate:
        optional: true
    dev: false

  /yallist@4.0.0:
    resolution:
      {
        integrity: sha512-3wdGidZyq5PB084XLES5TpOSRA3wjXAlIWMhum2kRcv/41Sn2emQ0dycQW4uZXLejwKvg6EsvbdlVL+FYEct7A==
      }
    dev: false

  /yargs-parser@21.1.1:
    resolution:
      {
        integrity: sha512-tVpsJW7DdjecAiFpbIB1e3qxIQsE6NoPc5/eTdrbbIC4h0LVsWhnoa3g+m2HclBIujHzsxZ4VJVA+GUuc2/LBw==
      }
    engines: { node: '>=12' }
    dev: false

  /yn@3.1.1:
    resolution:
      {
        integrity: sha512-Ux4ygGWsu2c7isFWe8Yu1YluJmqVhxqK2cLXNQA5AcC3QfbGNpM7fu0Y8b/z16pXLnFxZYvWhd3fhBY9DLmC6Q==
      }
    engines: { node: '>=6' }
    dev: true

  /yocto-queue@1.0.0:
    resolution:
      {
        integrity: sha512-9bnSc/HEW2uRy67wc+T8UwauLuPJVn28jb+GtJY16iiKWyvmYJRXVT4UamsAEGQfPohgr2q4Tq0sQbQlxTfi1g==
      }
    engines: { node: '>=12.20' }
    dev: false

  /yoga-wasm-web@0.3.3:
    resolution:
      {
        integrity: sha512-N+d4UJSJbt/R3wqY7Coqs5pcV0aUj2j9IaQ3rNj9bVCLld8tTGKRa2USARjnvZJWVx1NDmQev8EknoczaOQDOA==
      }
    dev: false
